
Microsoft Visual Studio Solution File, Format Version 12.00
# Visual Studio Version 17
VisualStudioVersion = 17.3.32811.315
MinimumVisualStudioVersion = 10.0.40219.1
Project("{FAE04EC0-301F-11D3-BF4B-00C04F79EFBC}") = "ramahibot", "ramahibot\ramahibot.csproj", "{681DCF36-6720-438A-AFD8-AF3D22003C68}"
EndProject
Global
	GlobalSection(SolutionConfigurationPlatforms) = preSolution
		Debug|Any CPU = Debug|Any CPU
		Release|Any CPU = Release|Any CPU
	EndGlobalSection
	GlobalSection(ProjectConfigurationPlatforms) = postSolution
		{681DCF36-6720-438A-AFD8-AF3D22003C68}.Debug|Any CPU.ActiveCfg = Debug|Any CPU
		{681DCF36-6720-438A-AFD8-AF3D22003C68}.Debug|Any CPU.Build.0 = Debug|Any CPU
		{681DCF36-6720-438A-AFD8-AF3D22003C68}.Release|Any CPU.ActiveCfg = Release|Any CPU
		{681DCF36-6720-438A-AFD8-AF3D22003C68}.Release|Any CPU.Build.0 = Release|Any CPU
	EndGlobalSection
	GlobalSection(SolutionProperties) = preSolution
		HideSolutionNode = FALSE
	EndGlobalSection
	GlobalSection(ExtensibilityGlobals) = postSolution
		SolutionGuid = {0F27D47B-BE82-4B8E-9990-9D213A71169E}
	EndGlobalSection
EndGlobal
